
Microsoft Visual Studio Solution File, Format Version 12.00
# Visual Studio Version 16
VisualStudioVersion = 16.0.31424.327
MinimumVisualStudioVersion = 10.0.40219.1
Project("{8BC9CEB8-8B4A-11D0-8D11-00A0C91BC942}") = "101_CSA_01", "101_CSA_01\101_CSA_01.vcxproj", "{EC67A588-6AA3-4EE0-B5D0-983040E2EAB7}"
EndProject
Project("{8BC9CEB8-8B4A-11D0-8D11-00A0C91BC942}") = "101_CSA_02", "101_CSA_02\101_CSA_02.vcxproj", "{91F6698C-1C41-4C0C-9100-5B3964FB403E}"
EndProject
Project("{8BC9CEB8-8B4A-11D0-8D11-00A0C91BC942}") = "102_IPOPA_01", "102_IPOPA_01\102_IPOPA_01.vcxproj", "{9A621F34-33EB-4F42-BCBF-F72036E18883}"
EndProject
Project("{8BC9CEB8-8B4A-11D0-8D11-00A0C91BC942}") = "103_ICA_01", "103_ICA_01\103_ICA_01.vcxproj", "{3586D239-6756-4F5A-BB2E-7F7B304FF55C}"
EndProject
Project("{8BC9CEB8-8B4A-11D0-8D11-00A0C91BC942}") = "103_ICA_02", "103_ICA_02\103_ICA_02.vcxproj", "{D0B12FFC-E1D5-4876-935E-022057F69A82}"
EndProject
Project("{8BC9CEB8-8B4A-11D0-8D11-00A0C91BC942}") = "103_ICA_03", "103_ICA_03\103_ICA_03.vcxproj", "{80B714C2-77F7-49C3-9699-2C7C32E3A129}"
EndProject
Project("{8BC9CEB8-8B4A-11D0-8D11-00A0C91BC942}") = "104_PSPLQ_01", "104_PSPLQ_01\104_PSPLQ_01.vcxproj", "{32554059-C56B-4A0D-8059-78815309A5B2}"
EndProject
Project("{8BC9CEB8-8B4A-11D0-8D11-00A0C91BC942}") = "104_PSPLQ_02", "104_PSPLQ_02\104_PSPLQ_02.vcxproj", "{0E7D0C5A-510E-4DAA-AC74-C09ABECCCFAB}"
EndProject
Project("{8BC9CEB8-8B4A-11D0-8D11-00A0C91BC942}") = "104_PSPLQ_03", "104_PSPLQ_03\104_PSPLQ_03.vcxproj", "{3A1B11FD-1EB1-4F0A-9314-2F19111E6DF4}"
EndProject
Project("{8BC9CEB8-8B4A-11D0-8D11-00A0C91BC942}") = "104_PSPLQ_04", "104_PSPLQ_04\104_PSPLQ_04.vcxproj", "{EC9A13F1-39F7-4B2A-BF06-6DC50B88FF33}"
EndProject
Project("{8BC9CEB8-8B4A-11D0-8D11-00A0C91BC942}") = "106_SEFI_01", "106_SEFI_01\106_SEFI_01.vcxproj", "{8A4D3632-992B-4A3D-B036-F2DBC01889BE}"
EndProject
Project("{8BC9CEB8-8B4A-11D0-8D11-00A0C91BC942}") = "107_SABODAA_01", "107_SABODAA_01\107_SABODAA_01.vcxproj", "{5E46FF64-2E70-4282-A2CF-185B3D16E1B1}"
EndProject
Project("{8BC9CEB8-8B4A-11D0-8D11-00A0C91BC942}") = "108_ESAMDV_01", "108_ESAMDV_01\108_ESAMDV_01.vcxproj", "{7C389936-042C-4681-BF03-4C7EEB14F600}"
EndProject
Project("{8BC9CEB8-8B4A-11D0-8D11-00A0C91BC942}") = "108_ESAMDV_02", "108_ESAMDV_02\108_ESAMDV_02.vcxproj", "{30B12FE9-3C25-44D1-8FCA-F041DD920D69}"
EndProject
Project("{8BC9CEB8-8B4A-11D0-8D11-00A0C91BC942}") = "109_FLNPSN_01", "109_FLNPSN_01\109_FLNPSN_01.vcxproj", "{7F4D6FB5-966B-4DAD-B513-A807039D1561}"
EndProject
Project("{8BC9CEB8-8B4A-11D0-8D11-00A0C91BC942}") = "110_FSCEAE_01", "110_FSCEAE_01\110_FSCEAE_01.vcxproj", "{E6681803-125E-4D89-8502-0954391C4158}"
EndProject
Global
	GlobalSection(SolutionConfigurationPlatforms) = preSolution
		Debug|x64 = Debug|x64
		Debug|x86 = Debug|x86
		Release|x64 = Release|x64
		Release|x86 = Release|x86
	EndGlobalSection
	GlobalSection(ProjectConfigurationPlatforms) = postSolution
		{EC67A588-6AA3-4EE0-B5D0-983040E2EAB7}.Debug|x64.ActiveCfg = Debug|x64
		{EC67A588-6AA3-4EE0-B5D0-983040E2EAB7}.Debug|x64.Build.0 = Debug|x64
		{EC67A588-6AA3-4EE0-B5D0-983040E2EAB7}.Debug|x86.ActiveCfg = Debug|Win32
		{EC67A588-6AA3-4EE0-B5D0-983040E2EAB7}.Debug|x86.Build.0 = Debug|Win32
		{EC67A588-6AA3-4EE0-B5D0-983040E2EAB7}.Release|x64.ActiveCfg = Release|x64
		{EC67A588-6AA3-4EE0-B5D0-983040E2EAB7}.Release|x64.Build.0 = Release|x64
		{EC67A588-6AA3-4EE0-B5D0-983040E2EAB7}.Release|x86.ActiveCfg = Release|Win32
		{EC67A588-6AA3-4EE0-B5D0-983040E2EAB7}.Release|x86.Build.0 = Release|Win32
		{91F6698C-1C41-4C0C-9100-5B3964FB403E}.Debug|x64.ActiveCfg = Debug|x64
		{91F6698C-1C41-4C0C-9100-5B3964FB403E}.Debug|x64.Build.0 = Debug|x64
		{91F6698C-1C41-4C0C-9100-5B3964FB403E}.Debug|x86.ActiveCfg = Debug|Win32
		{91F6698C-1C41-4C0C-9100-5B3964FB403E}.Debug|x86.Build.0 = Debug|Win32
		{91F6698C-1C41-4C0C-9100-5B3964FB403E}.Release|x64.ActiveCfg = Release|x64
		{91F6698C-1C41-4C0C-9100-5B3964FB403E}.Release|x64.Build.0 = Release|x64
		{91F6698C-1C41-4C0C-9100-5B3964FB403E}.Release|x86.ActiveCfg = Release|Win32
		{91F6698C-1C41-4C0C-9100-5B3964FB403E}.Release|x86.Build.0 = Release|Win32
		{9A621F34-33EB-4F42-BCBF-F72036E18883}.Debug|x64.ActiveCfg = Debug|x64
		{9A621F34-33EB-4F42-BCBF-F72036E18883}.Debug|x64.Build.0 = Debug|x64
		{9A621F34-33EB-4F42-BCBF-F72036E18883}.Debug|x86.ActiveCfg = Debug|Win32
		{9A621F34-33EB-4F42-BCBF-F72036E18883}.Debug|x86.Build.0 = Debug|Win32
		{9A621F34-33EB-4F42-BCBF-F72036E18883}.Release|x64.ActiveCfg = Release|x64
		{9A621F34-33EB-4F42-BCBF-F72036E18883}.Release|x64.Build.0 = Release|x64
		{9A621F34-33EB-4F42-BCBF-F72036E18883}.Release|x86.ActiveCfg = Release|Win32
		{9A621F34-33EB-4F42-BCBF-F72036E18883}.Release|x86.Build.0 = Release|Win32
		{3586D239-6756-4F5A-BB2E-7F7B304FF55C}.Debug|x64.ActiveCfg = Debug|x64
		{3586D239-6756-4F5A-BB2E-7F7B304FF55C}.Debug|x64.Build.0 = Debug|x64
		{3586D239-6756-4F5A-BB2E-7F7B304FF55C}.Debug|x86.ActiveCfg = Debug|Win32
		{3586D239-6756-4F5A-BB2E-7F7B304FF55C}.Debug|x86.Build.0 = Debug|Win32
		{3586D239-6756-4F5A-BB2E-7F7B304FF55C}.Release|x64.ActiveCfg = Release|x64
		{3586D239-6756-4F5A-BB2E-7F7B304FF55C}.Release|x64.Build.0 = Release|x64
		{3586D239-6756-4F5A-BB2E-7F7B304FF55C}.Release|x86.ActiveCfg = Release|Win32
		{3586D239-6756-4F5A-BB2E-7F7B304FF55C}.Release|x86.Build.0 = Release|Win32
		{D0B12FFC-E1D5-4876-935E-022057F69A82}.Debug|x64.ActiveCfg = Debug|x64
		{D0B12FFC-E1D5-4876-935E-022057F69A82}.Debug|x64.Build.0 = Debug|x64
		{D0B12FFC-E1D5-4876-935E-022057F69A82}.Debug|x86.ActiveCfg = Debug|Win32
		{D0B12FFC-E1D5-4876-935E-022057F69A82}.Debug|x86.Build.0 = Debug|Win32
		{D0B12FFC-E1D5-4876-935E-022057F69A82}.Release|x64.ActiveCfg = Release|x64
		{D0B12FFC-E1D5-4876-935E-022057F69A82}.Release|x64.Build.0 = Release|x64
		{D0B12FFC-E1D5-4876-935E-022057F69A82}.Release|x86.ActiveCfg = Release|Win32
		{D0B12FFC-E1D5-4876-935E-022057F69A82}.Release|x86.Build.0 = Release|Win32
		{80B714C2-77F7-49C3-9699-2C7C32E3A129}.Debug|x64.ActiveCfg = Debug|x64
		{80B714C2-77F7-49C3-9699-2C7C32E3A129}.Debug|x64.Build.0 = Debug|x64
		{80B714C2-77F7-49C3-9699-2C7C32E3A129}.Debug|x86.ActiveCfg = Debug|Win32
		{80B714C2-77F7-49C3-9699-2C7C32E3A129}.Debug|x86.Build.0 = Debug|Win32
		{80B714C2-77F7-49C3-9699-2C7C32E3A129}.Release|x64.ActiveCfg = Release|x64
		{80B714C2-77F7-49C3-9699-2C7C32E3A129}.Release|x64.Build.0 = Release|x64
		{80B714C2-77F7-49C3-9699-2C7C32E3A129}.Release|x86.ActiveCfg = Release|Win32
		{80B714C2-77F7-49C3-9699-2C7C32E3A129}.Release|x86.Build.0 = Release|Win32
		{32554059-C56B-4A0D-8059-78815309A5B2}.Debug|x64.ActiveCfg = Debug|x64
		{32554059-C56B-4A0D-8059-78815309A5B2}.Debug|x64.Build.0 = Debug|x64
		{32554059-C56B-4A0D-8059-78815309A5B2}.Debug|x86.ActiveCfg = Debug|Win32
		{32554059-C56B-4A0D-8059-78815309A5B2}.Debug|x86.Build.0 = Debug|Win32
		{32554059-C56B-4A0D-8059-78815309A5B2}.Release|x64.ActiveCfg = Release|x64
		{32554059-C56B-4A0D-8059-78815309A5B2}.Release|x64.Build.0 = Release|x64
		{32554059-C56B-4A0D-8059-78815309A5B2}.Release|x86.ActiveCfg = Release|Win32
		{32554059-C56B-4A0D-8059-78815309A5B2}.Release|x86.Build.0 = Release|Win32
		{0E7D0C5A-510E-4DAA-AC74-C09ABECCCFAB}.Debug|x64.ActiveCfg = Debug|x64
		{0E7D0C5A-510E-4DAA-AC74-C09ABECCCFAB}.Debug|x64.Build.0 = Debug|x64
		{0E7D0C5A-510E-4DAA-AC74-C09ABECCCFAB}.Debug|x86.ActiveCfg = Debug|Win32
		{0E7D0C5A-510E-4DAA-AC74-C09ABECCCFAB}.Debug|x86.Build.0 = Debug|Win32
		{0E7D0C5A-510E-4DAA-AC74-C09ABECCCFAB}.Release|x64.ActiveCfg = Release|x64
		{0E7D0C5A-510E-4DAA-AC74-C09ABECCCFAB}.Release|x64.Build.0 = Release|x64
		{0E7D0C5A-510E-4DAA-AC74-C09ABECCCFAB}.Release|x86.ActiveCfg = Release|Win32
		{0E7D0C5A-510E-4DAA-AC74-C09ABECCCFAB}.Release|x86.Build.0 = Release|Win32
		{3A1B11FD-1EB1-4F0A-9314-2F19111E6DF4}.Debug|x64.ActiveCfg = Debug|x64
		{3A1B11FD-1EB1-4F0A-9314-2F19111E6DF4}.Debug|x64.Build.0 = Debug|x64
		{3A1B11FD-1EB1-4F0A-9314-2F19111E6DF4}.Debug|x86.ActiveCfg = Debug|Win32
		{3A1B11FD-1EB1-4F0A-9314-2F19111E6DF4}.Debug|x86.Build.0 = Debug|Win32
		{3A1B11FD-1EB1-4F0A-9314-2F19111E6DF4}.Release|x64.ActiveCfg = Release|x64
		{3A1B11FD-1EB1-4F0A-9314-2F19111E6DF4}.Release|x64.Build.0 = Release|x64
		{3A1B11FD-1EB1-4F0A-9314-2F19111E6DF4}.Release|x86.ActiveCfg = Release|Win32
		{3A1B11FD-1EB1-4F0A-9314-2F19111E6DF4}.Release|x86.Build.0 = Release|Win32
		{EC9A13F1-39F7-4B2A-BF06-6DC50B88FF33}.Debug|x64.ActiveCfg = Debug|x64
		{EC9A13F1-39F7-4B2A-BF06-6DC50B88FF33}.Debug|x64.Build.0 = Debug|x64
		{EC9A13F1-39F7-4B2A-BF06-6DC50B88FF33}.Debug|x86.ActiveCfg = Debug|Win32
		{EC9A13F1-39F7-4B2A-BF06-6DC50B88FF33}.Debug|x86.Build.0 = Debug|Win32
		{EC9A13F1-39F7-4B2A-BF06-6DC50B88FF33}.Release|x64.ActiveCfg = Release|x64
		{EC9A13F1-39F7-4B2A-BF06-6DC50B88FF33}.Release|x64.Build.0 = Release|x64
		{EC9A13F1-39F7-4B2A-BF06-6DC50B88FF33}.Release|x86.ActiveCfg = Release|Win32
		{EC9A13F1-39F7-4B2A-BF06-6DC50B88FF33}.Release|x86.Build.0 = Release|Win32
		{8A4D3632-992B-4A3D-B036-F2DBC01889BE}.Debug|x64.ActiveCfg = Debug|x64
		{8A4D3632-992B-4A3D-B036-F2DBC01889BE}.Debug|x64.Build.0 = Debug|x64
		{8A4D3632-992B-4A3D-B036-F2DBC01889BE}.Debug|x86.ActiveCfg = Debug|Win32
		{8A4D3632-992B-4A3D-B036-F2DBC01889BE}.Debug|x86.Build.0 = Debug|Win32
		{8A4D3632-992B-4A3D-B036-F2DBC01889BE}.Release|x64.ActiveCfg = Release|x64
		{8A4D3632-992B-4A3D-B036-F2DBC01889BE}.Release|x64.Build.0 = Release|x64
		{8A4D3632-992B-4A3D-B036-F2DBC01889BE}.Release|x86.ActiveCfg = Release|Win32
		{8A4D3632-992B-4A3D-B036-F2DBC01889BE}.Release|x86.Build.0 = Release|Win32
		{5E46FF64-2E70-4282-A2CF-185B3D16E1B1}.Debug|x64.ActiveCfg = Debug|x64
		{5E46FF64-2E70-4282-A2CF-185B3D16E1B1}.Debug|x64.Build.0 = Debug|x64
		{5E46FF64-2E70-4282-A2CF-185B3D16E1B1}.Debug|x86.ActiveCfg = Debug|Win32
		{5E46FF64-2E70-4282-A2CF-185B3D16E1B1}.Debug|x86.Build.0 = Debug|Win32
		{5E46FF64-2E70-4282-A2CF-185B3D16E1B1}.Release|x64.ActiveCfg = Release|x64
		{5E46FF64-2E70-4282-A2CF-185B3D16E1B1}.Release|x64.Build.0 = Release|x64
		{5E46FF64-2E70-4282-A2CF-185B3D16E1B1}.Release|x86.ActiveCfg = Release|Win32
		{5E46FF64-2E70-4282-A2CF-185B3D16E1B1}.Release|x86.Build.0 = Release|Win32
		{7C389936-042C-4681-BF03-4C7EEB14F600}.Debug|x64.ActiveCfg = Debug|x64
		{7C389936-042C-4681-BF03-4C7EEB14F600}.Debug|x64.Build.0 = Debug|x64
		{7C389936-042C-4681-BF03-4C7EEB14F600}.Debug|x86.ActiveCfg = Debug|Win32
		{7C389936-042C-4681-BF03-4C7EEB14F600}.Debug|x86.Build.0 = Debug|Win32
		{7C389936-042C-4681-BF03-4C7EEB14F600}.Release|x64.ActiveCfg = Release|x64
		{7C389936-042C-4681-BF03-4C7EEB14F600}.Release|x64.Build.0 = Release|x64
		{7C389936-042C-4681-BF03-4C7EEB14F600}.Release|x86.ActiveCfg = Release|Win32
		{7C389936-042C-4681-BF03-4C7EEB14F600}.Release|x86.Build.0 = Release|Win32
		{30B12FE9-3C25-44D1-8FCA-F041DD920D69}.Debug|x64.ActiveCfg = Debug|x64
		{30B12FE9-3C25-44D1-8FCA-F041DD920D69}.Debug|x64.Build.0 = Debug|x64
		{30B12FE9-3C25-44D1-8FCA-F041DD920D69}.Debug|x86.ActiveCfg = Debug|Win32
		{30B12FE9-3C25-44D1-8FCA-F041DD920D69}.Debug|x86.Build.0 = Debug|Win32
		{30B12FE9-3C25-44D1-8FCA-F041DD920D69}.Release|x64.ActiveCfg = Release|x64
		{30B12FE9-3C25-44D1-8FCA-F041DD920D69}.Release|x64.Build.0 = Release|x64
		{30B12FE9-3C25-44D1-8FCA-F041DD920D69}.Release|x86.ActiveCfg = Release|Win32
		{30B12FE9-3C25-44D1-8FCA-F041DD920D69}.Release|x86.Build.0 = Release|Win32
		{7F4D6FB5-966B-4DAD-B513-A807039D1561}.Debug|x64.ActiveCfg = Debug|x64
		{7F4D6FB5-966B-4DAD-B513-A807039D1561}.Debug|x64.Build.0 = Debug|x64
		{7F4D6FB5-966B-4DAD-B513-A807039D1561}.Debug|x86.ActiveCfg = Debug|Win32
		{7F4D6FB5-966B-4DAD-B513-A807039D1561}.Debug|x86.Build.0 = Debug|Win32
		{7F4D6FB5-966B-4DAD-B513-A807039D1561}.Release|x64.ActiveCfg = Release|x64
		{7F4D6FB5-966B-4DAD-B513-A807039D1561}.Release|x64.Build.0 = Release|x64
		{7F4D6FB5-966B-4DAD-B513-A807039D1561}.Release|x86.ActiveCfg = Release|Win32
		{7F4D6FB5-966B-4DAD-B513-A807039D1561}.Release|x86.Build.0 = Release|Win32
		{E6681803-125E-4D89-8502-0954391C4158}.Debug|x64.ActiveCfg = Debug|x64
		{E6681803-125E-4D89-8502-0954391C4158}.Debug|x64.Build.0 = Debug|x64
		{E6681803-125E-4D89-8502-0954391C4158}.Debug|x86.ActiveCfg = Debug|Win32
		{E6681803-125E-4D89-8502-0954391C4158}.Debug|x86.Build.0 = Debug|Win32
		{E6681803-125E-4D89-8502-0954391C4158}.Release|x64.ActiveCfg = Release|x64
		{E6681803-125E-4D89-8502-0954391C4158}.Release|x64.Build.0 = Release|x64
		{E6681803-125E-4D89-8502-0954391C4158}.Release|x86.ActiveCfg = Release|Win32
		{E6681803-125E-4D89-8502-0954391C4158}.Release|x86.Build.0 = Release|Win32
	EndGlobalSection
	GlobalSection(SolutionProperties) = preSolution
		HideSolutionNode = FALSE
	EndGlobalSection
	GlobalSection(ExtensibilityGlobals) = postSolution
		SolutionGuid = {4696B18B-FC98-41AA-A363-41C74E115D08}
	EndGlobalSection
EndGlobal
